
Microsoft Visual Studio Solution File, Format Version 12.00
# Visual Studio Version 17
VisualStudioVersion = 17.9.34701.34
MinimumVisualStudioVersion = 10.0.40219.1
Project("{8BC9CEB8-8B4A-11D0-8D11-00A0C91BC942}") = "ddd", "ddd\ddd.vcxproj", "{E2CF1359-0528-4240-BB07-B578ED9C1A75}"
EndProject
Global
	GlobalSection(SolutionConfigurationPlatforms) = preSolution
		Debug|x64 = Debug|x64
		Debug|x86 = Debug|x86
		Release|x64 = Release|x64
		Release|x86 = Release|x86
	EndGlobalSection
	GlobalSection(ProjectConfigurationPlatforms) = postSolution
		{E2CF1359-0528-4240-BB07-B578ED9C1A75}.Debug|x64.ActiveCfg = Debug|x64
		{E2CF1359-0528-4240-BB07-B578ED9C1A75}.Debug|x64.Build.0 = Debug|x64
		{E2CF1359-0528-4240-BB07-B578ED9C1A75}.Debug|x86.ActiveCfg = Debug|Win32
		{E2CF1359-0528-4240-BB07-B578ED9C1A75}.Debug|x86.Build.0 = Debug|Win32
		{E2CF1359-0528-4240-BB07-B578ED9C1A75}.Release|x64.ActiveCfg = Release|x64
		{E2CF1359-0528-4240-BB07-B578ED9C1A75}.Release|x64.Build.0 = Release|x64
		{E2CF1359-0528-4240-BB07-B578ED9C1A75}.Release|x86.ActiveCfg = Release|Win32
		{E2CF1359-0528-4240-BB07-B578ED9C1A75}.Release|x86.Build.0 = Release|Win32
	EndGlobalSection
	GlobalSection(SolutionProperties) = preSolution
		HideSolutionNode = FALSE
	EndGlobalSection
	GlobalSection(ExtensibilityGlobals) = postSolution
		SolutionGuid = {F3B47935-117F-4B87-876D-263217F88845}
	EndGlobalSection
EndGlobal
